
Microsoft Visual Studio Solution File, Format Version 12.00
# Visual Studio Version 17
VisualStudioVersion = 17.10.34928.147
MinimumVisualStudioVersion = 10.0.40219.1
Project("{FAE04EC0-301F-11D3-BF4B-00C04F79EFBC}") = "CardGameTCPServer", "CardGameTCPServer\CardGameTCPServer.csproj", "{51A21F9E-A14F-4EF3-B1B2-5E6FB20AFA1E}"
EndProject
Global
	GlobalSection(SolutionConfigurationPlatforms) = preSolution
		Debug|Any CPU = Debug|Any CPU
		Release|Any CPU = Release|Any CPU
	EndGlobalSection
	GlobalSection(ProjectConfigurationPlatforms) = postSolution
		{51A21F9E-A14F-4EF3-B1B2-5E6FB20AFA1E}.Debug|Any CPU.ActiveCfg = Debug|Any CPU
		{51A21F9E-A14F-4EF3-B1B2-5E6FB20AFA1E}.Debug|Any CPU.Build.0 = Debug|Any CPU
		{51A21F9E-A14F-4EF3-B1B2-5E6FB20AFA1E}.Release|Any CPU.ActiveCfg = Release|Any CPU
		{51A21F9E-A14F-4EF3-B1B2-5E6FB20AFA1E}.Release|Any CPU.Build.0 = Release|Any CPU
	EndGlobalSection
	GlobalSection(SolutionProperties) = preSolution
		HideSolutionNode = FALSE
	EndGlobalSection
	GlobalSection(ExtensibilityGlobals) = postSolution
		SolutionGuid = {858C2DCD-1795-4DFE-A496-2D2B4DD74BC3}
	EndGlobalSection
EndGlobal
